// !$*UTF8*$!
{
	archiveVersion = 1;
	classes = {
	};
	objectVersion = 46;
	objects = {

/* Begin PBXBuildFile section */
		CABCBA5E14CF93D900A735F5 /* half.cpp in Sources */ = {isa = PBXBuildFile; fileRef = CABCBA5614CF93D900A735F5 /* half.cpp */; };
		CABCBA5F14CF93D900A735F5 /* half.h in Headers */ = {isa = PBXBuildFile; fileRef = CABCBA5714CF93D900A735F5 /* half.h */; };
		CABCBA6014CF93D900A735F5 /* halfFunction.h in Headers */ = {isa = PBXBuildFile; fileRef = CABCBA5814CF93D900A735F5 /* halfFunction.h */; };
		CABCBA6114CF93D900A735F5 /* halfLimits.h in Headers */ = {isa = PBXBuildFile; fileRef = CABCBA5914CF93D900A735F5 /* halfLimits.h */; };
		CABCBAA714CF941800A735F5 /* Iex.h in Headers */ = {isa = PBXBuildFile; fileRef = CABCBA6414CF941800A735F5 /* Iex.h */; };
		CABCBAA814CF941800A735F5 /* IexBaseExc.cpp in Sources */ = {isa = PBXBuildFile; fileRef = CABCBA6514CF941800A735F5 /* IexBaseExc.cpp */; };
		CABCBAA914CF941800A735F5 /* IexBaseExc.h in Headers */ = {isa = PBXBuildFile; fileRef = CABCBA6614CF941800A735F5 /* IexBaseExc.h */; };
		CABCBAAA14CF941800A735F5 /* IexErrnoExc.h in Headers */ = {isa = PBXBuildFile; fileRef = CABCBA6714CF941800A735F5 /* IexErrnoExc.h */; };
		CABCBAAB14CF941800A735F5 /* IexMacros.h in Headers */ = {isa = PBXBuildFile; fileRef = CABCBA6814CF941800A735F5 /* IexMacros.h */; };
		CABCBAAC14CF941800A735F5 /* IexMathExc.h in Headers */ = {isa = PBXBuildFile; fileRef = CABCBA6914CF941800A735F5 /* IexMathExc.h */; };
		CABCBAAD14CF941800A735F5 /* IexThrowErrnoExc.cpp in Sources */ = {isa = PBXBuildFile; fileRef = CABCBA6A14CF941800A735F5 /* IexThrowErrnoExc.cpp */; };
		CABCBAAE14CF941800A735F5 /* IexThrowErrnoExc.h in Headers */ = {isa = PBXBuildFile; fileRef = CABCBA6B14CF941800A735F5 /* IexThrowErrnoExc.h */; };
		CABCBAAF14CF941800A735F5 /* IlmThread.cpp in Sources */ = {isa = PBXBuildFile; fileRef = CABCBA6F14CF941800A735F5 /* IlmThread.cpp */; };
		CABCBAB014CF941800A735F5 /* IlmThread.h in Headers */ = {isa = PBXBuildFile; fileRef = CABCBA7014CF941800A735F5 /* IlmThread.h */; };
		CABCBAB114CF941800A735F5 /* IlmThreadMutex.cpp in Sources */ = {isa = PBXBuildFile; fileRef = CABCBA7114CF941800A735F5 /* IlmThreadMutex.cpp */; };
		CABCBAB214CF941800A735F5 /* IlmThreadMutex.h in Headers */ = {isa = PBXBuildFile; fileRef = CABCBA7214CF941800A735F5 /* IlmThreadMutex.h */; };
		CABCBAB314CF941800A735F5 /* IlmThreadMutexPosix.cpp in Sources */ = {isa = PBXBuildFile; fileRef = CABCBA7314CF941800A735F5 /* IlmThreadMutexPosix.cpp */; };
		CABCBAB514CF941800A735F5 /* IlmThreadPool.cpp in Sources */ = {isa = PBXBuildFile; fileRef = CABCBA7514CF941800A735F5 /* IlmThreadPool.cpp */; };
		CABCBAB614CF941800A735F5 /* IlmThreadPool.h in Headers */ = {isa = PBXBuildFile; fileRef = CABCBA7614CF941800A735F5 /* IlmThreadPool.h */; };
		CABCBAB714CF941800A735F5 /* IlmThreadPosix.cpp in Sources */ = {isa = PBXBuildFile; fileRef = CABCBA7714CF941800A735F5 /* IlmThreadPosix.cpp */; };
		CABCBAB814CF941800A735F5 /* IlmThreadSemaphore.cpp in Sources */ = {isa = PBXBuildFile; fileRef = CABCBA7814CF941800A735F5 /* IlmThreadSemaphore.cpp */; };
		CABCBAB914CF941800A735F5 /* IlmThreadSemaphore.h in Headers */ = {isa = PBXBuildFile; fileRef = CABCBA7914CF941800A735F5 /* IlmThreadSemaphore.h */; };
		CABCBABA14CF941800A735F5 /* IlmThreadSemaphorePosix.cpp in Sources */ = {isa = PBXBuildFile; fileRef = CABCBA7A14CF941800A735F5 /* IlmThreadSemaphorePosix.cpp */; };
		CABCBABB14CF941800A735F5 /* IlmThreadSemaphorePosixCompat.cpp in Sources */ = {isa = PBXBuildFile; fileRef = CABCBA7B14CF941800A735F5 /* IlmThreadSemaphorePosixCompat.cpp */; };
		CABCBABE14CF941800A735F5 /* ImathBox.cpp in Sources */ = {isa = PBXBuildFile; fileRef = CABCBA8114CF941800A735F5 /* ImathBox.cpp */; };
		CABCBABF14CF941800A735F5 /* ImathBox.h in Headers */ = {isa = PBXBuildFile; fileRef = CABCBA8214CF941800A735F5 /* ImathBox.h */; };
		CABCBAC014CF941800A735F5 /* ImathBoxAlgo.h in Headers */ = {isa = PBXBuildFile; fileRef = CABCBA8314CF941800A735F5 /* ImathBoxAlgo.h */; };
		CABCBAC114CF941800A735F5 /* ImathColor.h in Headers */ = {isa = PBXBuildFile; fileRef = CABCBA8414CF941800A735F5 /* ImathColor.h */; };
		CABCBAC214CF941800A735F5 /* ImathColorAlgo.cpp in Sources */ = {isa = PBXBuildFile; fileRef = CABCBA8514CF941800A735F5 /* ImathColorAlgo.cpp */; };
		CABCBAC314CF941800A735F5 /* ImathColorAlgo.h in Headers */ = {isa = PBXBuildFile; fileRef = CABCBA8614CF941800A735F5 /* ImathColorAlgo.h */; };
		CABCBAC414CF941800A735F5 /* ImathEuler.h in Headers */ = {isa = PBXBuildFile; fileRef = CABCBA8714CF941800A735F5 /* ImathEuler.h */; };
		CABCBAC514CF941800A735F5 /* ImathExc.h in Headers */ = {isa = PBXBuildFile; fileRef = CABCBA8814CF941800A735F5 /* ImathExc.h */; };
		CABCBAC614CF941800A735F5 /* ImathFrame.h in Headers */ = {isa = PBXBuildFile; fileRef = CABCBA8914CF941800A735F5 /* ImathFrame.h */; };
		CABCBAC714CF941800A735F5 /* ImathFrustum.h in Headers */ = {isa = PBXBuildFile; fileRef = CABCBA8A14CF941800A735F5 /* ImathFrustum.h */; };
		CABCBAC814CF941800A735F5 /* ImathFun.cpp in Sources */ = {isa = PBXBuildFile; fileRef = CABCBA8B14CF941800A735F5 /* ImathFun.cpp */; };
		CABCBAC914CF941800A735F5 /* ImathFun.h in Headers */ = {isa = PBXBuildFile; fileRef = CABCBA8C14CF941800A735F5 /* ImathFun.h */; };
		CABCBACA14CF941800A735F5 /* ImathGL.h in Headers */ = {isa = PBXBuildFile; fileRef = CABCBA8D14CF941800A735F5 /* ImathGL.h */; };
		CABCBACB14CF941800A735F5 /* ImathGLU.h in Headers */ = {isa = PBXBuildFile; fileRef = CABCBA8E14CF941800A735F5 /* ImathGLU.h */; };
		CABCBACC14CF941800A735F5 /* ImathHalfLimits.h in Headers */ = {isa = PBXBuildFile; fileRef = CABCBA8F14CF941800A735F5 /* ImathHalfLimits.h */; };
		CABCBACD14CF941800A735F5 /* ImathInt64.h in Headers */ = {isa = PBXBuildFile; fileRef = CABCBA9014CF941800A735F5 /* ImathInt64.h */; };
		CABCBACE14CF941800A735F5 /* ImathInterval.h in Headers */ = {isa = PBXBuildFile; fileRef = CABCBA9114CF941800A735F5 /* ImathInterval.h */; };
		CABCBACF14CF941800A735F5 /* ImathLimits.h in Headers */ = {isa = PBXBuildFile; fileRef = CABCBA9214CF941800A735F5 /* ImathLimits.h */; };
		CABCBAD014CF941800A735F5 /* ImathLine.h in Headers */ = {isa = PBXBuildFile; fileRef = CABCBA9314CF941800A735F5 /* ImathLine.h */; };
		CABCBAD114CF941800A735F5 /* ImathLineAlgo.h in Headers */ = {isa = PBXBuildFile; fileRef = CABCBA9414CF941800A735F5 /* ImathLineAlgo.h */; };
		CABCBAD214CF941800A735F5 /* ImathMath.h in Headers */ = {isa = PBXBuildFile; fileRef = CABCBA9514CF941800A735F5 /* ImathMath.h */; };
		CABCBAD314CF941800A735F5 /* ImathMatrix.h in Headers */ = {isa = PBXBuildFile; fileRef = CABCBA9614CF941800A735F5 /* ImathMatrix.h */; };
		CABCBAD414CF941800A735F5 /* ImathMatrixAlgo.cpp in Sources */ = {isa = PBXBuildFile; fileRef = CABCBA9714CF941800A735F5 /* ImathMatrixAlgo.cpp */; };
		CABCBAD514CF941800A735F5 /* ImathMatrixAlgo.h in Headers */ = {isa = PBXBuildFile; fileRef = CABCBA9814CF941800A735F5 /* ImathMatrixAlgo.h */; };
		CABCBAD614CF941800A735F5 /* ImathPlane.h in Headers */ = {isa = PBXBuildFile; fileRef = CABCBA9914CF941800A735F5 /* ImathPlane.h */; };
		CABCBAD714CF941800A735F5 /* ImathPlatform.h in Headers */ = {isa = PBXBuildFile; fileRef = CABCBA9A14CF941800A735F5 /* ImathPlatform.h */; };
		CABCBAD814CF941800A735F5 /* ImathQuat.h in Headers */ = {isa = PBXBuildFile; fileRef = CABCBA9B14CF941800A735F5 /* ImathQuat.h */; };
		CABCBAD914CF941800A735F5 /* ImathRandom.cpp in Sources */ = {isa = PBXBuildFile; fileRef = CABCBA9C14CF941800A735F5 /* ImathRandom.cpp */; };
		CABCBADA14CF941800A735F5 /* ImathRandom.h in Headers */ = {isa = PBXBuildFile; fileRef = CABCBA9D14CF941800A735F5 /* ImathRandom.h */; };
		CABCBADB14CF941800A735F5 /* ImathRoots.h in Headers */ = {isa = PBXBuildFile; fileRef = CABCBA9E14CF941800A735F5 /* ImathRoots.h */; };
		CABCBADC14CF941800A735F5 /* ImathShear.cpp in Sources */ = {isa = PBXBuildFile; fileRef = CABCBA9F14CF941800A735F5 /* ImathShear.cpp */; };
		CABCBADD14CF941800A735F5 /* ImathShear.h in Headers */ = {isa = PBXBuildFile; fileRef = CABCBAA014CF941800A735F5 /* ImathShear.h */; };
		CABCBADE14CF941800A735F5 /* ImathSphere.h in Headers */ = {isa = PBXBuildFile; fileRef = CABCBAA114CF941800A735F5 /* ImathSphere.h */; };
		CABCBADF14CF941800A735F5 /* ImathVec.cpp in Sources */ = {isa = PBXBuildFile; fileRef = CABCBAA214CF941800A735F5 /* ImathVec.cpp */; };
		CABCBAE014CF941800A735F5 /* ImathVec.h in Headers */ = {isa = PBXBuildFile; fileRef = CABCBAA314CF941800A735F5 /* ImathVec.h */; };
		CABCBAE114CF941800A735F5 /* ImathVecAlgo.h in Headers */ = {isa = PBXBuildFile; fileRef = CABCBAA414CF941800A735F5 /* ImathVecAlgo.h */; };
		CABCBAFE14CFA95900A735F5 /* toFloat.h in Headers */ = {isa = PBXBuildFile; fileRef = CABCBAFD14CFA95900A735F5 /* toFloat.h */; };
		CABCBB0114CFA96700A735F5 /* eLut.h in Headers */ = {isa = PBXBuildFile; fileRef = CABCBB0014CFA96700A735F5 /* eLut.h */; };
		CABCBB0F14CFAA0B00A735F5 /* IlmBaseConfig.h in Headers */ = {isa = PBXBuildFile; fileRef = CABCBB0E14CFAA0B00A735F5 /* IlmBaseConfig.h */; };
/* End PBXBuildFile section */

/* Begin PBXFileReference section */
		CABCBA4414CF933700A735F5 /* libIlmBase.a */ = {isa = PBXFileReference; explicitFileType = archive.ar; includeInIndex = 0; path = libIlmBase.a; sourceTree = BUILT_PRODUCTS_DIR; };
		CABCBA5614CF93D900A735F5 /* half.cpp */ = {isa = PBXFileReference; fileEncoding = 4; lastKnownFileType = sourcecode.cpp.cpp; path = half.cpp; sourceTree = "<group>"; };
		CABCBA5714CF93D900A735F5 /* half.h */ = {isa = PBXFileReference; fileEncoding = 4; lastKnownFileType = sourcecode.c.h; path = half.h; sourceTree = "<group>"; };
		CABCBA5814CF93D900A735F5 /* halfFunction.h */ = {isa = PBXFileReference; fileEncoding = 4; lastKnownFileType = sourcecode.c.h; path = halfFunction.h; sourceTree = "<group>"; };
		CABCBA5914CF93D900A735F5 /* halfLimits.h */ = {isa = PBXFileReference; fileEncoding = 4; lastKnownFileType = sourcecode.c.h; path = halfLimits.h; sourceTree = "<group>"; };
		CABCBA6414CF941800A735F5 /* Iex.h */ = {isa = PBXFileReference; fileEncoding = 4; lastKnownFileType = sourcecode.c.h; path = Iex.h; sourceTree = "<group>"; };
		CABCBA6514CF941800A735F5 /* IexBaseExc.cpp */ = {isa = PBXFileReference; fileEncoding = 4; lastKnownFileType = sourcecode.cpp.cpp; path = IexBaseExc.cpp; sourceTree = "<group>"; };
		CABCBA6614CF941800A735F5 /* IexBaseExc.h */ = {isa = PBXFileReference; fileEncoding = 4; lastKnownFileType = sourcecode.c.h; path = IexBaseExc.h; sourceTree = "<group>"; };
		CABCBA6714CF941800A735F5 /* IexErrnoExc.h */ = {isa = PBXFileReference; fileEncoding = 4; lastKnownFileType = sourcecode.c.h; path = IexErrnoExc.h; sourceTree = "<group>"; };
		CABCBA6814CF941800A735F5 /* IexMacros.h */ = {isa = PBXFileReference; fileEncoding = 4; lastKnownFileType = sourcecode.c.h; path = IexMacros.h; sourceTree = "<group>"; };
		CABCBA6914CF941800A735F5 /* IexMathExc.h */ = {isa = PBXFileReference; fileEncoding = 4; lastKnownFileType = sourcecode.c.h; path = IexMathExc.h; sourceTree = "<group>"; };
		CABCBA6A14CF941800A735F5 /* IexThrowErrnoExc.cpp */ = {isa = PBXFileReference; fileEncoding = 4; lastKnownFileType = sourcecode.cpp.cpp; path = IexThrowErrnoExc.cpp; sourceTree = "<group>"; };
		CABCBA6B14CF941800A735F5 /* IexThrowErrnoExc.h */ = {isa = PBXFileReference; fileEncoding = 4; lastKnownFileType = sourcecode.c.h; path = IexThrowErrnoExc.h; sourceTree = "<group>"; };
		CABCBA6F14CF941800A735F5 /* IlmThread.cpp */ = {isa = PBXFileReference; fileEncoding = 4; lastKnownFileType = sourcecode.cpp.cpp; path = IlmThread.cpp; sourceTree = "<group>"; };
		CABCBA7014CF941800A735F5 /* IlmThread.h */ = {isa = PBXFileReference; fileEncoding = 4; lastKnownFileType = sourcecode.c.h; path = IlmThread.h; sourceTree = "<group>"; };
		CABCBA7114CF941800A735F5 /* IlmThreadMutex.cpp */ = {isa = PBXFileReference; fileEncoding = 4; lastKnownFileType = sourcecode.cpp.cpp; path = IlmThreadMutex.cpp; sourceTree = "<group>"; };
		CABCBA7214CF941800A735F5 /* IlmThreadMutex.h */ = {isa = PBXFileReference; fileEncoding = 4; lastKnownFileType = sourcecode.c.h; path = IlmThreadMutex.h; sourceTree = "<group>"; };
		CABCBA7314CF941800A735F5 /* IlmThreadMutexPosix.cpp */ = {isa = PBXFileReference; fileEncoding = 4; lastKnownFileType = sourcecode.cpp.cpp; path = IlmThreadMutexPosix.cpp; sourceTree = "<group>"; };
		CABCBA7514CF941800A735F5 /* IlmThreadPool.cpp */ = {isa = PBXFileReference; fileEncoding = 4; lastKnownFileType = sourcecode.cpp.cpp; path = IlmThreadPool.cpp; sourceTree = "<group>"; };
		CABCBA7614CF941800A735F5 /* IlmThreadPool.h */ = {isa = PBXFileReference; fileEncoding = 4; lastKnownFileType = sourcecode.c.h; path = IlmThreadPool.h; sourceTree = "<group>"; };
		CABCBA7714CF941800A735F5 /* IlmThreadPosix.cpp */ = {isa = PBXFileReference; fileEncoding = 4; lastKnownFileType = sourcecode.cpp.cpp; path = IlmThreadPosix.cpp; sourceTree = "<group>"; };
		CABCBA7814CF941800A735F5 /* IlmThreadSemaphore.cpp */ = {isa = PBXFileReference; fileEncoding = 4; lastKnownFileType = sourcecode.cpp.cpp; path = IlmThreadSemaphore.cpp; sourceTree = "<group>"; };
		CABCBA7914CF941800A735F5 /* IlmThreadSemaphore.h */ = {isa = PBXFileReference; fileEncoding = 4; lastKnownFileType = sourcecode.c.h; path = IlmThreadSemaphore.h; sourceTree = "<group>"; };
		CABCBA7A14CF941800A735F5 /* IlmThreadSemaphorePosix.cpp */ = {isa = PBXFileReference; fileEncoding = 4; lastKnownFileType = sourcecode.cpp.cpp; path = IlmThreadSemaphorePosix.cpp; sourceTree = "<group>"; };
		CABCBA7B14CF941800A735F5 /* IlmThreadSemaphorePosixCompat.cpp */ = {isa = PBXFileReference; fileEncoding = 4; lastKnownFileType = sourcecode.cpp.cpp; path = IlmThreadSemaphorePosixCompat.cpp; sourceTree = "<group>"; };
		CABCBA8114CF941800A735F5 /* ImathBox.cpp */ = {isa = PBXFileReference; fileEncoding = 4; lastKnownFileType = sourcecode.cpp.cpp; path = ImathBox.cpp; sourceTree = "<group>"; };
		CABCBA8214CF941800A735F5 /* ImathBox.h */ = {isa = PBXFileReference; fileEncoding = 4; lastKnownFileType = sourcecode.c.h; path = ImathBox.h; sourceTree = "<group>"; };
		CABCBA8314CF941800A735F5 /* ImathBoxAlgo.h */ = {isa = PBXFileReference; fileEncoding = 4; lastKnownFileType = sourcecode.c.h; path = ImathBoxAlgo.h; sourceTree = "<group>"; };
		CABCBA8414CF941800A735F5 /* ImathColor.h */ = {isa = PBXFileReference; fileEncoding = 4; lastKnownFileType = sourcecode.c.h; path = ImathColor.h; sourceTree = "<group>"; };
		CABCBA8514CF941800A735F5 /* ImathColorAlgo.cpp */ = {isa = PBXFileReference; fileEncoding = 4; lastKnownFileType = sourcecode.cpp.cpp; path = ImathColorAlgo.cpp; sourceTree = "<group>"; };
		CABCBA8614CF941800A735F5 /* ImathColorAlgo.h */ = {isa = PBXFileReference; fileEncoding = 4; lastKnownFileType = sourcecode.c.h; path = ImathColorAlgo.h; sourceTree = "<group>"; };
		CABCBA8714CF941800A735F5 /* ImathEuler.h */ = {isa = PBXFileReference; fileEncoding = 4; lastKnownFileType = sourcecode.c.h; path = ImathEuler.h; sourceTree = "<group>"; };
		CABCBA8814CF941800A735F5 /* ImathExc.h */ = {isa = PBXFileReference; fileEncoding = 4; lastKnownFileType = sourcecode.c.h; path = ImathExc.h; sourceTree = "<group>"; };
		CABCBA8914CF941800A735F5 /* ImathFrame.h */ = {isa = PBXFileReference; fileEncoding = 4; lastKnownFileType = sourcecode.c.h; path = ImathFrame.h; sourceTree = "<group>"; };
		CABCBA8A14CF941800A735F5 /* ImathFrustum.h */ = {isa = PBXFileReference; fileEncoding = 4; lastKnownFileType = sourcecode.c.h; path = ImathFrustum.h; sourceTree = "<group>"; };
		CABCBA8B14CF941800A735F5 /* ImathFun.cpp */ = {isa = PBXFileReference; fileEncoding = 4; lastKnownFileType = sourcecode.cpp.cpp; path = ImathFun.cpp; sourceTree = "<group>"; };
		CABCBA8C14CF941800A735F5 /* ImathFun.h */ = {isa = PBXFileReference; fileEncoding = 4; lastKnownFileType = sourcecode.c.h; path = ImathFun.h; sourceTree = "<group>"; };
		CABCBA8D14CF941800A735F5 /* ImathGL.h */ = {isa = PBXFileReference; fileEncoding = 4; lastKnownFileType = sourcecode.c.h; path = ImathGL.h; sourceTree = "<group>"; };
		CABCBA8E14CF941800A735F5 /* ImathGLU.h */ = {isa = PBXFileReference; fileEncoding = 4; lastKnownFileType = sourcecode.c.h; path = ImathGLU.h; sourceTree = "<group>"; };
		CABCBA8F14CF941800A735F5 /* ImathHalfLimits.h */ = {isa = PBXFileReference; fileEncoding = 4; lastKnownFileType = sourcecode.c.h; path = ImathHalfLimits.h; sourceTree = "<group>"; };
		CABCBA9014CF941800A735F5 /* ImathInt64.h */ = {isa = PBXFileReference; fileEncoding = 4; lastKnownFileType = sourcecode.c.h; path = ImathInt64.h; sourceTree = "<group>"; };
		CABCBA9114CF941800A735F5 /* ImathInterval.h */ = {isa = PBXFileReference; fileEncoding = 4; lastKnownFileType = sourcecode.c.h; path = ImathInterval.h; sourceTree = "<group>"; };
		CABCBA9214CF941800A735F5 /* ImathLimits.h */ = {isa = PBXFileReference; fileEncoding = 4; lastKnownFileType = sourcecode.c.h; path = ImathLimits.h; sourceTree = "<group>"; };
		CABCBA9314CF941800A735F5 /* ImathLine.h */ = {isa = PBXFileReference; fileEncoding = 4; lastKnownFileType = sourcecode.c.h; path = ImathLine.h; sourceTree = "<group>"; };
		CABCBA9414CF941800A735F5 /* ImathLineAlgo.h */ = {isa = PBXFileReference; fileEncoding = 4; lastKnownFileType = sourcecode.c.h; path = ImathLineAlgo.h; sourceTree = "<group>"; };
		CABCBA9514CF941800A735F5 /* ImathMath.h */ = {isa = PBXFileReference; fileEncoding = 4; lastKnownFileType = sourcecode.c.h; path = ImathMath.h; sourceTree = "<group>"; };
		CABCBA9614CF941800A735F5 /* ImathMatrix.h */ = {isa = PBXFileReference; fileEncoding = 4; lastKnownFileType = sourcecode.c.h; path = ImathMatrix.h; sourceTree = "<group>"; };
		CABCBA9714CF941800A735F5 /* ImathMatrixAlgo.cpp */ = {isa = PBXFileReference; fileEncoding = 4; lastKnownFileType = sourcecode.cpp.cpp; path = ImathMatrixAlgo.cpp; sourceTree = "<group>"; };
		CABCBA9814CF941800A735F5 /* ImathMatrixAlgo.h */ = {isa = PBXFileReference; fileEncoding = 4; lastKnownFileType = sourcecode.c.h; path = ImathMatrixAlgo.h; sourceTree = "<group>"; };
		CABCBA9914CF941800A735F5 /* ImathPlane.h */ = {isa = PBXFileReference; fileEncoding = 4; lastKnownFileType = sourcecode.c.h; path = ImathPlane.h; sourceTree = "<group>"; };
		CABCBA9A14CF941800A735F5 /* ImathPlatform.h */ = {isa = PBXFileReference; fileEncoding = 4; lastKnownFileType = sourcecode.c.h; path = ImathPlatform.h; sourceTree = "<group>"; };
		CABCBA9B14CF941800A735F5 /* ImathQuat.h */ = {isa = PBXFileReference; fileEncoding = 4; lastKnownFileType = sourcecode.c.h; path = ImathQuat.h; sourceTree = "<group>"; };
		CABCBA9C14CF941800A735F5 /* ImathRandom.cpp */ = {isa = PBXFileReference; fileEncoding = 4; lastKnownFileType = sourcecode.cpp.cpp; path = ImathRandom.cpp; sourceTree = "<group>"; };
		CABCBA9D14CF941800A735F5 /* ImathRandom.h */ = {isa = PBXFileReference; fileEncoding = 4; lastKnownFileType = sourcecode.c.h; path = ImathRandom.h; sourceTree = "<group>"; };
		CABCBA9E14CF941800A735F5 /* ImathRoots.h */ = {isa = PBXFileReference; fileEncoding = 4; lastKnownFileType = sourcecode.c.h; path = ImathRoots.h; sourceTree = "<group>"; };
		CABCBA9F14CF941800A735F5 /* ImathShear.cpp */ = {isa = PBXFileReference; fileEncoding = 4; lastKnownFileType = sourcecode.cpp.cpp; path = ImathShear.cpp; sourceTree = "<group>"; };
		CABCBAA014CF941800A735F5 /* ImathShear.h */ = {isa = PBXFileReference; fileEncoding = 4; lastKnownFileType = sourcecode.c.h; path = ImathShear.h; sourceTree = "<group>"; };
		CABCBAA114CF941800A735F5 /* ImathSphere.h */ = {isa = PBXFileReference; fileEncoding = 4; lastKnownFileType = sourcecode.c.h; path = ImathSphere.h; sourceTree = "<group>"; };
		CABCBAA214CF941800A735F5 /* ImathVec.cpp */ = {isa = PBXFileReference; fileEncoding = 4; lastKnownFileType = sourcecode.cpp.cpp; path = ImathVec.cpp; sourceTree = "<group>"; };
		CABCBAA314CF941800A735F5 /* ImathVec.h */ = {isa = PBXFileReference; fileEncoding = 4; lastKnownFileType = sourcecode.c.h; path = ImathVec.h; sourceTree = "<group>"; };
		CABCBAA414CF941800A735F5 /* ImathVecAlgo.h */ = {isa = PBXFileReference; fileEncoding = 4; lastKnownFileType = sourcecode.c.h; path = ImathVecAlgo.h; sourceTree = "<group>"; };
		CABCBAFD14CFA95900A735F5 /* toFloat.h */ = {isa = PBXFileReference; fileEncoding = 4; lastKnownFileType = sourcecode.c.h; path = toFloat.h; sourceTree = "<group>"; };
		CABCBB0014CFA96700A735F5 /* eLut.h */ = {isa = PBXFileReference; fileEncoding = 4; lastKnownFileType = sourcecode.c.h; path = eLut.h; sourceTree = "<group>"; };
		CABCBB0E14CFAA0B00A735F5 /* IlmBaseConfig.h */ = {isa = PBXFileReference; fileEncoding = 4; lastKnownFileType = sourcecode.c.h; name = IlmBaseConfig.h; path = "ilmbase-1.0.1/config/IlmBaseConfig.h"; sourceTree = "<group>"; };
/* End PBXFileReference section */

/* Begin PBXFrameworksBuildPhase section */
		CABCBA4114CF933700A735F5 /* Frameworks */ = {
			isa = PBXFrameworksBuildPhase;
			buildActionMask = 2147483647;
			files = (
			);
			runOnlyForDeploymentPostprocessing = 0;
		};
/* End PBXFrameworksBuildPhase section */

/* Begin PBXGroup section */
		CABCBA3914CF933700A735F5 = {
			isa = PBXGroup;
			children = (
				CABCBB0E14CFAA0B00A735F5 /* IlmBaseConfig.h */,
				CABCBA6314CF941800A735F5 /* Iex */,
				CABCBA6E14CF941800A735F5 /* IlmThread */,
				CABCBA8014CF941800A735F5 /* Imath */,
				CABCBA5414CF93D900A735F5 /* Half */,
				CABCBA4514CF933700A735F5 /* Products */,
			);
			sourceTree = "<group>";
		};
		CABCBA4514CF933700A735F5 /* Products */ = {
			isa = PBXGroup;
			children = (
				CABCBA4414CF933700A735F5 /* libIlmBase.a */,
			);
			name = Products;
			sourceTree = "<group>";
		};
		CABCBA5414CF93D900A735F5 /* Half */ = {
			isa = PBXGroup;
			children = (
				CABCBB0014CFA96700A735F5 /* eLut.h */,
				CABCBA5614CF93D900A735F5 /* half.cpp */,
				CABCBA5714CF93D900A735F5 /* half.h */,
				CABCBA5814CF93D900A735F5 /* halfFunction.h */,
				CABCBA5914CF93D900A735F5 /* halfLimits.h */,
				CABCBAFD14CFA95900A735F5 /* toFloat.h */,
			);
			name = Half;
			path = "ilmbase-1.0.1/Half";
			sourceTree = "<group>";
		};
		CABCBA6314CF941800A735F5 /* Iex */ = {
			isa = PBXGroup;
			children = (
				CABCBA6414CF941800A735F5 /* Iex.h */,
				CABCBA6514CF941800A735F5 /* IexBaseExc.cpp */,
				CABCBA6614CF941800A735F5 /* IexBaseExc.h */,
				CABCBA6714CF941800A735F5 /* IexErrnoExc.h */,
				CABCBA6814CF941800A735F5 /* IexMacros.h */,
				CABCBA6914CF941800A735F5 /* IexMathExc.h */,
				CABCBA6A14CF941800A735F5 /* IexThrowErrnoExc.cpp */,
				CABCBA6B14CF941800A735F5 /* IexThrowErrnoExc.h */,
			);
			name = Iex;
			path = "ilmbase-1.0.1/Iex";
			sourceTree = "<group>";
		};
		CABCBA6E14CF941800A735F5 /* IlmThread */ = {
			isa = PBXGroup;
			children = (
				CABCBA6F14CF941800A735F5 /* IlmThread.cpp */,
				CABCBA7014CF941800A735F5 /* IlmThread.h */,
				CABCBA7114CF941800A735F5 /* IlmThreadMutex.cpp */,
				CABCBA7214CF941800A735F5 /* IlmThreadMutex.h */,
				CABCBA7314CF941800A735F5 /* IlmThreadMutexPosix.cpp */,
				CABCBA7514CF941800A735F5 /* IlmThreadPool.cpp */,
				CABCBA7614CF941800A735F5 /* IlmThreadPool.h */,
				CABCBA7714CF941800A735F5 /* IlmThreadPosix.cpp */,
				CABCBA7814CF941800A735F5 /* IlmThreadSemaphore.cpp */,
				CABCBA7914CF941800A735F5 /* IlmThreadSemaphore.h */,
				CABCBA7A14CF941800A735F5 /* IlmThreadSemaphorePosix.cpp */,
				CABCBA7B14CF941800A735F5 /* IlmThreadSemaphorePosixCompat.cpp */,
			);
			name = IlmThread;
			path = "ilmbase-1.0.1/IlmThread";
			sourceTree = "<group>";
		};
		CABCBA8014CF941800A735F5 /* Imath */ = {
			isa = PBXGroup;
			children = (
				CABCBA8114CF941800A735F5 /* ImathBox.cpp */,
				CABCBA8214CF941800A735F5 /* ImathBox.h */,
				CABCBA8314CF941800A735F5 /* ImathBoxAlgo.h */,
				CABCBA8414CF941800A735F5 /* ImathColor.h */,
				CABCBA8514CF941800A735F5 /* ImathColorAlgo.cpp */,
				CABCBA8614CF941800A735F5 /* ImathColorAlgo.h */,
				CABCBA8714CF941800A735F5 /* ImathEuler.h */,
				CABCBA8814CF941800A735F5 /* ImathExc.h */,
				CABCBA8914CF941800A735F5 /* ImathFrame.h */,
				CABCBA8A14CF941800A735F5 /* ImathFrustum.h */,
				CABCBA8B14CF941800A735F5 /* ImathFun.cpp */,
				CABCBA8C14CF941800A735F5 /* ImathFun.h */,
				CABCBA8D14CF941800A735F5 /* ImathGL.h */,
				CABCBA8E14CF941800A735F5 /* ImathGLU.h */,
				CABCBA8F14CF941800A735F5 /* ImathHalfLimits.h */,
				CABCBA9014CF941800A735F5 /* ImathInt64.h */,
				CABCBA9114CF941800A735F5 /* ImathInterval.h */,
				CABCBA9214CF941800A735F5 /* ImathLimits.h */,
				CABCBA9314CF941800A735F5 /* ImathLine.h */,
				CABCBA9414CF941800A735F5 /* ImathLineAlgo.h */,
				CABCBA9514CF941800A735F5 /* ImathMath.h */,
				CABCBA9614CF941800A735F5 /* ImathMatrix.h */,
				CABCBA9714CF941800A735F5 /* ImathMatrixAlgo.cpp */,
				CABCBA9814CF941800A735F5 /* ImathMatrixAlgo.h */,
				CABCBA9914CF941800A735F5 /* ImathPlane.h */,
				CABCBA9A14CF941800A735F5 /* ImathPlatform.h */,
				CABCBA9B14CF941800A735F5 /* ImathQuat.h */,
				CABCBA9C14CF941800A735F5 /* ImathRandom.cpp */,
				CABCBA9D14CF941800A735F5 /* ImathRandom.h */,
				CABCBA9E14CF941800A735F5 /* ImathRoots.h */,
				CABCBA9F14CF941800A735F5 /* ImathShear.cpp */,
				CABCBAA014CF941800A735F5 /* ImathShear.h */,
				CABCBAA114CF941800A735F5 /* ImathSphere.h */,
				CABCBAA214CF941800A735F5 /* ImathVec.cpp */,
				CABCBAA314CF941800A735F5 /* ImathVec.h */,
				CABCBAA414CF941800A735F5 /* ImathVecAlgo.h */,
			);
			name = Imath;
			path = "ilmbase-1.0.1/Imath";
			sourceTree = "<group>";
		};
/* End PBXGroup section */

/* Begin PBXHeadersBuildPhase section */
		CABCBA4214CF933700A735F5 /* Headers */ = {
			isa = PBXHeadersBuildPhase;
			buildActionMask = 2147483647;
			files = (
				CABCBA5F14CF93D900A735F5 /* half.h in Headers */,
				CABCBA6014CF93D900A735F5 /* halfFunction.h in Headers */,
				CABCBA6114CF93D900A735F5 /* halfLimits.h in Headers */,
				CABCBAA714CF941800A735F5 /* Iex.h in Headers */,
				CABCBAA914CF941800A735F5 /* IexBaseExc.h in Headers */,
				CABCBAAA14CF941800A735F5 /* IexErrnoExc.h in Headers */,
				CABCBAAB14CF941800A735F5 /* IexMacros.h in Headers */,
				CABCBAAC14CF941800A735F5 /* IexMathExc.h in Headers */,
				CABCBAAE14CF941800A735F5 /* IexThrowErrnoExc.h in Headers */,
				CABCBAB014CF941800A735F5 /* IlmThread.h in Headers */,
				CABCBAB214CF941800A735F5 /* IlmThreadMutex.h in Headers */,
				CABCBAB614CF941800A735F5 /* IlmThreadPool.h in Headers */,
				CABCBAB914CF941800A735F5 /* IlmThreadSemaphore.h in Headers */,
				CABCBABF14CF941800A735F5 /* ImathBox.h in Headers */,
				CABCBAC014CF941800A735F5 /* ImathBoxAlgo.h in Headers */,
				CABCBAC114CF941800A735F5 /* ImathColor.h in Headers */,
				CABCBAC314CF941800A735F5 /* ImathColorAlgo.h in Headers */,
				CABCBAC414CF941800A735F5 /* ImathEuler.h in Headers */,
				CABCBAC514CF941800A735F5 /* ImathExc.h in Headers */,
				CABCBAC614CF941800A735F5 /* ImathFrame.h in Headers */,
				CABCBAC714CF941800A735F5 /* ImathFrustum.h in Headers */,
				CABCBAC914CF941800A735F5 /* ImathFun.h in Headers */,
				CABCBACA14CF941800A735F5 /* ImathGL.h in Headers */,
				CABCBACB14CF941800A735F5 /* ImathGLU.h in Headers */,
				CABCBACC14CF941800A735F5 /* ImathHalfLimits.h in Headers */,
				CABCBACD14CF941800A735F5 /* ImathInt64.h in Headers */,
				CABCBACE14CF941800A735F5 /* ImathInterval.h in Headers */,
				CABCBACF14CF941800A735F5 /* ImathLimits.h in Headers */,
				CABCBAD014CF941800A735F5 /* ImathLine.h in Headers */,
				CABCBAD114CF941800A735F5 /* ImathLineAlgo.h in Headers */,
				CABCBAD214CF941800A735F5 /* ImathMath.h in Headers */,
				CABCBAD314CF941800A735F5 /* ImathMatrix.h in Headers */,
				CABCBAD514CF941800A735F5 /* ImathMatrixAlgo.h in Headers */,
				CABCBAD614CF941800A735F5 /* ImathPlane.h in Headers */,
				CABCBAD714CF941800A735F5 /* ImathPlatform.h in Headers */,
				CABCBAD814CF941800A735F5 /* ImathQuat.h in Headers */,
				CABCBADA14CF941800A735F5 /* ImathRandom.h in Headers */,
				CABCBADB14CF941800A735F5 /* ImathRoots.h in Headers */,
				CABCBADD14CF941800A735F5 /* ImathShear.h in Headers */,
				CABCBADE14CF941800A735F5 /* ImathSphere.h in Headers */,
				CABCBAE014CF941800A735F5 /* ImathVec.h in Headers */,
				CABCBAE114CF941800A735F5 /* ImathVecAlgo.h in Headers */,
				CABCBAFE14CFA95900A735F5 /* toFloat.h in Headers */,
				CABCBB0114CFA96700A735F5 /* eLut.h in Headers */,
				CABCBB0F14CFAA0B00A735F5 /* IlmBaseConfig.h in Headers */,
			);
			runOnlyForDeploymentPostprocessing = 0;
		};
/* End PBXHeadersBuildPhase section */

/* Begin PBXNativeTarget section */
		CABCBA4314CF933700A735F5 /* IlmBase */ = {
			isa = PBXNativeTarget;
			buildConfigurationList = CABCBA5114CF933700A735F5 /* Build configuration list for PBXNativeTarget "IlmBase" */;
			buildPhases = (
				CABCBA4014CF933700A735F5 /* Sources */,
				CABCBA4114CF933700A735F5 /* Frameworks */,
				CABCBA4214CF933700A735F5 /* Headers */,
			);
			buildRules = (
			);
			dependencies = (
			);
			name = IlmBase;
			productName = IlmBase;
			productReference = CABCBA4414CF933700A735F5 /* libIlmBase.a */;
			productType = "com.apple.product-type.library.static";
		};
/* End PBXNativeTarget section */

/* Begin PBXProject section */
		CABCBA3B14CF933700A735F5 /* Project object */ = {
			isa = PBXProject;
			attributes = {
				LastUpgradeCheck = 0420;
				ORGANIZATIONNAME = "The 11ers";
			};
			buildConfigurationList = CABCBA3E14CF933700A735F5 /* Build configuration list for PBXProject "IlmBase" */;
			compatibilityVersion = "Xcode 3.2";
			developmentRegion = English;
			hasScannedForEncodings = 0;
			knownRegions = (
				en,
			);
			mainGroup = CABCBA3914CF933700A735F5;
			productRefGroup = CABCBA4514CF933700A735F5 /* Products */;
			projectDirPath = "";
			projectRoot = "";
			targets = (
				CABCBA4314CF933700A735F5 /* IlmBase */,
			);
		};
/* End PBXProject section */

/* Begin PBXSourcesBuildPhase section */
		CABCBA4014CF933700A735F5 /* Sources */ = {
			isa = PBXSourcesBuildPhase;
			buildActionMask = 2147483647;
			files = (
				CABCBA5E14CF93D900A735F5 /* half.cpp in Sources */,
				CABCBAA814CF941800A735F5 /* IexBaseExc.cpp in Sources */,
				CABCBAAD14CF941800A735F5 /* IexThrowErrnoExc.cpp in Sources */,
				CABCBAAF14CF941800A735F5 /* IlmThread.cpp in Sources */,
				CABCBAB114CF941800A735F5 /* IlmThreadMutex.cpp in Sources */,
				CABCBAB314CF941800A735F5 /* IlmThreadMutexPosix.cpp in Sources */,
				CABCBAB514CF941800A735F5 /* IlmThreadPool.cpp in Sources */,
				CABCBAB714CF941800A735F5 /* IlmThreadPosix.cpp in Sources */,
				CABCBAB814CF941800A735F5 /* IlmThreadSemaphore.cpp in Sources */,
				CABCBABA14CF941800A735F5 /* IlmThreadSemaphorePosix.cpp in Sources */,
				CABCBABB14CF941800A735F5 /* IlmThreadSemaphorePosixCompat.cpp in Sources */,
				CABCBABE14CF941800A735F5 /* ImathBox.cpp in Sources */,
				CABCBAC214CF941800A735F5 /* ImathColorAlgo.cpp in Sources */,
				CABCBAC814CF941800A735F5 /* ImathFun.cpp in Sources */,
				CABCBAD414CF941800A735F5 /* ImathMatrixAlgo.cpp in Sources */,
				CABCBAD914CF941800A735F5 /* ImathRandom.cpp in Sources */,
				CABCBADC14CF941800A735F5 /* ImathShear.cpp in Sources */,
				CABCBADF14CF941800A735F5 /* ImathVec.cpp in Sources */,
			);
			runOnlyForDeploymentPostprocessing = 0;
		};
/* End PBXSourcesBuildPhase section */

/* Begin XCBuildConfiguration section */
		CABCBA4F14CF933700A735F5 /* Debug */ = {
			isa = XCBuildConfiguration;
			buildSettings = {
				ALWAYS_SEARCH_USER_PATHS = NO;
				ARCHS = "$(ARCHS_STANDARD_32_BIT)";
				COPY_PHASE_STRIP = NO;
				GCC_C_LANGUAGE_STANDARD = gnu99;
				GCC_DYNAMIC_NO_PIC = NO;
				GCC_OPTIMIZATION_LEVEL = 0;
				GCC_PREPROCESSOR_DEFINITIONS = (
					"DEBUG=1",
					"$(inherited)",
				);
				GCC_SYMBOLS_PRIVATE_EXTERN = NO;
				GCC_VERSION = com.apple.compilers.llvm.clang.1_0;
				GCC_WARN_ABOUT_MISSING_PROTOTYPES = YES;
				GCC_WARN_ABOUT_RETURN_TYPE = YES;
				GCC_WARN_UNUSED_VARIABLE = YES;
				IPHONEOS_DEPLOYMENT_TARGET = 5.0;
				PRECOMPS_INCLUDE_HEADERS_FROM_BUILT_PRODUCTS_DIR = NO;
				SDKROOT = iphoneos;
				SHARED_PRECOMPS_DIR = "";
			};
			name = Debug;
		};
		CABCBA5014CF933700A735F5 /* Release */ = {
			isa = XCBuildConfiguration;
			buildSettings = {
				ALWAYS_SEARCH_USER_PATHS = NO;
				ARCHS = "$(ARCHS_STANDARD_32_BIT)";
				COPY_PHASE_STRIP = YES;
				GCC_C_LANGUAGE_STANDARD = gnu99;
				GCC_VERSION = com.apple.compilers.llvm.clang.1_0;
				GCC_WARN_ABOUT_MISSING_PROTOTYPES = YES;
				GCC_WARN_ABOUT_RETURN_TYPE = YES;
				GCC_WARN_UNUSED_VARIABLE = YES;
				IPHONEOS_DEPLOYMENT_TARGET = 5.0;
				PRECOMPS_INCLUDE_HEADERS_FROM_BUILT_PRODUCTS_DIR = NO;
				SDKROOT = iphoneos;
				SHARED_PRECOMPS_DIR = "";
				VALIDATE_PRODUCT = YES;
			};
			name = Release;
		};
		CABCBA5214CF933700A735F5 /* Debug */ = {
			isa = XCBuildConfiguration;
			buildSettings = {
				DSTROOT = /tmp/IlmBase.dst;
				GCC_PRECOMPILE_PREFIX_HEADER = NO;
				GCC_PREFIX_HEADER = "";
				OTHER_LDFLAGS = "-ObjC";
				PRECOMPS_INCLUDE_HEADERS_FROM_BUILT_PRODUCTS_DIR = NO;
				PRODUCT_NAME = "$(TARGET_NAME)";
				SHARED_PRECOMPS_DIR = "";
				SKIP_INSTALL = YES;
			};
			name = Debug;
		};
		CABCBA5314CF933700A735F5 /* Release */ = {
			isa = XCBuildConfiguration;
			buildSettings = {
				DSTROOT = /tmp/IlmBase.dst;
				GCC_PRECOMPILE_PREFIX_HEADER = NO;
				GCC_PREFIX_HEADER = "";
				OTHER_LDFLAGS = "-ObjC";
				PRECOMPS_INCLUDE_HEADERS_FROM_BUILT_PRODUCTS_DIR = NO;
				PRODUCT_NAME = "$(TARGET_NAME)";
				SHARED_PRECOMPS_DIR = "";
				SKIP_INSTALL = YES;
			};
			name = Release;
		};
/* End XCBuildConfiguration section */

/* Begin XCConfigurationList section */
		CABCBA3E14CF933700A735F5 /* Build configuration list for PBXProject "IlmBase" */ = {
			isa = XCConfigurationList;
			buildConfigurations = (
				CABCBA4F14CF933700A735F5 /* Debug */,
				CABCBA5014CF933700A735F5 /* Release */,
			);
			defaultConfigurationIsVisible = 0;
			defaultConfigurationName = Release;
		};
		CABCBA5114CF933700A735F5 /* Build configuration list for PBXNativeTarget "IlmBase" */ = {
			isa = XCConfigurationList;
			buildConfigurations = (
				CABCBA5214CF933700A735F5 /* Debug */,
				CABCBA5314CF933700A735F5 /* Release */,
			);
			defaultConfigurationIsVisible = 0;
			defaultConfigurationName = Release;
		};
/* End XCConfigurationList section */
	};
	rootObject = CABCBA3B14CF933700A735F5 /* Project object */;
}
